
Microsoft Visual Studio Solution File, Format Version 12.00
# Visual Studio Version 16
VisualStudioVersion = 16.0.810.1
MinimumVisualStudioVersion = 10.0.40219.1
Project("{FAE04EC0-301F-11D3-BF4B-00C04F79EFBC}") = "GoogleCeviri", "GoogleCeviri\GoogleCeviri.csproj", "{F86D6717-B01A-42EC-8351-5A2C7EC3989D}"
EndProject
Global
	GlobalSection(SolutionConfigurationPlatforms) = preSolution
		Debug|Any CPU = Debug|Any CPU
		Release|Any CPU = Release|Any CPU
	EndGlobalSection
	GlobalSection(ProjectConfigurationPlatforms) = postSolution
		{F86D6717-B01A-42EC-8351-5A2C7EC3989D}.Debug|Any CPU.ActiveCfg = Debug|Any CPU
		{F86D6717-B01A-42EC-8351-5A2C7EC3989D}.Debug|Any CPU.Build.0 = Debug|Any CPU
		{F86D6717-B01A-42EC-8351-5A2C7EC3989D}.Release|Any CPU.ActiveCfg = Release|Any CPU
		{F86D6717-B01A-42EC-8351-5A2C7EC3989D}.Release|Any CPU.Build.0 = Release|Any CPU
	EndGlobalSection
	GlobalSection(SolutionProperties) = preSolution
		HideSolutionNode = FALSE
	EndGlobalSection
	GlobalSection(ExtensibilityGlobals) = postSolution
		SolutionGuid = {957689B1-D613-47CB-AD21-F62EA4FF76EB}
	EndGlobalSection
EndGlobal
